
Microsoft Visual Studio Solution File, Format Version 12.00
# Visual Studio 14
VisualStudioVersion = 14.0.25420.1
MinimumVisualStudioVersion = 10.0.40219.1
Project("{FAE04EC0-301F-11D3-BF4B-00C04F79EFBC}") = "Algorithms", "Algorithms\Algorithms.csproj", "{61F38C9E-79C4-4499-B9A9-FA8D0EA27560}"
EndProject
Project("{FAE04EC0-301F-11D3-BF4B-00C04F79EFBC}") = "Testing", "Testing\Testing.csproj", "{02811546-2235-45CA-A0C3-DECBB534C8CE}"
EndProject
Project("{FAE04EC0-301F-11D3-BF4B-00C04F79EFBC}") = "AlgorithmsTests", "AlgorithmsTests\AlgorithmsTests.csproj", "{C7159ABB-E9A0-418D-A310-EC6385DA996F}"
EndProject
Global
	GlobalSection(SolutionConfigurationPlatforms) = preSolution
		Debug|Any CPU = Debug|Any CPU
		Release|Any CPU = Release|Any CPU
	EndGlobalSection
	GlobalSection(ProjectConfigurationPlatforms) = postSolution
		{61F38C9E-79C4-4499-B9A9-FA8D0EA27560}.Debug|Any CPU.ActiveCfg = Debug|Any CPU
		{61F38C9E-79C4-4499-B9A9-FA8D0EA27560}.Debug|Any CPU.Build.0 = Debug|Any CPU
		{61F38C9E-79C4-4499-B9A9-FA8D0EA27560}.Release|Any CPU.ActiveCfg = Release|Any CPU
		{61F38C9E-79C4-4499-B9A9-FA8D0EA27560}.Release|Any CPU.Build.0 = Release|Any CPU
		{02811546-2235-45CA-A0C3-DECBB534C8CE}.Debug|Any CPU.ActiveCfg = Debug|Any CPU
		{02811546-2235-45CA-A0C3-DECBB534C8CE}.Debug|Any CPU.Build.0 = Debug|Any CPU
		{02811546-2235-45CA-A0C3-DECBB534C8CE}.Release|Any CPU.ActiveCfg = Release|Any CPU
		{02811546-2235-45CA-A0C3-DECBB534C8CE}.Release|Any CPU.Build.0 = Release|Any CPU
		{C7159ABB-E9A0-418D-A310-EC6385DA996F}.Debug|Any CPU.ActiveCfg = Debug|Any CPU
		{C7159ABB-E9A0-418D-A310-EC6385DA996F}.Debug|Any CPU.Build.0 = Debug|Any CPU
		{C7159ABB-E9A0-418D-A310-EC6385DA996F}.Release|Any CPU.ActiveCfg = Release|Any CPU
		{C7159ABB-E9A0-418D-A310-EC6385DA996F}.Release|Any CPU.Build.0 = Release|Any CPU
	EndGlobalSection
	GlobalSection(SolutionProperties) = preSolution
		HideSolutionNode = FALSE
	EndGlobalSection
EndGlobal
